
Microsoft Visual Studio Solution File, Format Version 12.00
# Visual Studio Version 17
VisualStudioVersion = 17.9.34728.123
MinimumVisualStudioVersion = 10.0.40219.1
Project("{FAE04EC0-301F-11D3-BF4B-00C04F79EFBC}") = "Encapsulation", "Encapsulation\Encapsulation.csproj", "{068BEA86-CCC5-4D4F-9B27-3B669457D5A7}"
EndProject
Project("{FAE04EC0-301F-11D3-BF4B-00C04F79EFBC}") = "Inheritance", "Inheritance\Inheritance.csproj", "{B5A864D8-B927-43D8-8EEA-4A3D01A054FF}"
EndProject
Project("{FAE04EC0-301F-11D3-BF4B-00C04F79EFBC}") = "Academy", "Academy\Academy.csproj", "{470A7CE7-3ABB-4A14-8CD1-FF4DB9CB72D4}"
EndProject
Global
	GlobalSection(SolutionConfigurationPlatforms) = preSolution
		Debug|Any CPU = Debug|Any CPU
		Release|Any CPU = Release|Any CPU
	EndGlobalSection
	GlobalSection(ProjectConfigurationPlatforms) = postSolution
		{068BEA86-CCC5-4D4F-9B27-3B669457D5A7}.Debug|Any CPU.ActiveCfg = Debug|Any CPU
		{068BEA86-CCC5-4D4F-9B27-3B669457D5A7}.Debug|Any CPU.Build.0 = Debug|Any CPU
		{068BEA86-CCC5-4D4F-9B27-3B669457D5A7}.Release|Any CPU.ActiveCfg = Release|Any CPU
		{068BEA86-CCC5-4D4F-9B27-3B669457D5A7}.Release|Any CPU.Build.0 = Release|Any CPU
		{B5A864D8-B927-43D8-8EEA-4A3D01A054FF}.Debug|Any CPU.ActiveCfg = Debug|Any CPU
		{B5A864D8-B927-43D8-8EEA-4A3D01A054FF}.Debug|Any CPU.Build.0 = Debug|Any CPU
		{B5A864D8-B927-43D8-8EEA-4A3D01A054FF}.Release|Any CPU.ActiveCfg = Release|Any CPU
		{B5A864D8-B927-43D8-8EEA-4A3D01A054FF}.Release|Any CPU.Build.0 = Release|Any CPU
		{470A7CE7-3ABB-4A14-8CD1-FF4DB9CB72D4}.Debug|Any CPU.ActiveCfg = Debug|Any CPU
		{470A7CE7-3ABB-4A14-8CD1-FF4DB9CB72D4}.Debug|Any CPU.Build.0 = Debug|Any CPU
		{470A7CE7-3ABB-4A14-8CD1-FF4DB9CB72D4}.Release|Any CPU.ActiveCfg = Release|Any CPU
		{470A7CE7-3ABB-4A14-8CD1-FF4DB9CB72D4}.Release|Any CPU.Build.0 = Release|Any CPU
	EndGlobalSection
	GlobalSection(SolutionProperties) = preSolution
		HideSolutionNode = FALSE
	EndGlobalSection
	GlobalSection(ExtensibilityGlobals) = postSolution
		SolutionGuid = {C71AB2D8-2FEF-4128-AD6F-04D4735DFABB}
	EndGlobalSection
EndGlobal
